
Microsoft Visual Studio Solution File, Format Version 12.00
# Visual Studio Version 17
VisualStudioVersion = 17.5.002.0
MinimumVisualStudioVersion = 10.0.40219.1
Project("{FAE04EC0-301F-11D3-BF4B-00C04F79EFBC}") = "Infrastructure", "Infrastructure\Infrastructure.csproj", "{6C617F8D-C0CA-4EF8-85C4-EFFD9B67212D}"
EndProject
Project("{FAE04EC0-301F-11D3-BF4B-00C04F79EFBC}") = "Domain", "Domain\Domain.csproj", "{6911FE6F-8A60-4B45-AA97-39FAB8C000E5}"
EndProject
Project("{FAE04EC0-301F-11D3-BF4B-00C04F79EFBC}") = "Application", "Application\Application.csproj", "{AB01F87D-A569-4732-A5BD-2F1E3B9DE488}"
EndProject
Project("{FAE04EC0-301F-11D3-BF4B-00C04F79EFBC}") = "Presentation", "Presentation\Presentation.csproj", "{00821CEB-E367-4AC8-8E24-E759A5A7BB4B}"
EndProject
Global
	GlobalSection(SolutionConfigurationPlatforms) = preSolution
		Debug|Any CPU = Debug|Any CPU
		Release|Any CPU = Release|Any CPU
	EndGlobalSection
	GlobalSection(ProjectConfigurationPlatforms) = postSolution
		{6C617F8D-C0CA-4EF8-85C4-EFFD9B67212D}.Debug|Any CPU.ActiveCfg = Debug|Any CPU
		{6C617F8D-C0CA-4EF8-85C4-EFFD9B67212D}.Debug|Any CPU.Build.0 = Debug|Any CPU
		{6C617F8D-C0CA-4EF8-85C4-EFFD9B67212D}.Release|Any CPU.ActiveCfg = Release|Any CPU
		{6C617F8D-C0CA-4EF8-85C4-EFFD9B67212D}.Release|Any CPU.Build.0 = Release|Any CPU
		{6911FE6F-8A60-4B45-AA97-39FAB8C000E5}.Debug|Any CPU.ActiveCfg = Debug|Any CPU
		{6911FE6F-8A60-4B45-AA97-39FAB8C000E5}.Debug|Any CPU.Build.0 = Debug|Any CPU
		{6911FE6F-8A60-4B45-AA97-39FAB8C000E5}.Release|Any CPU.ActiveCfg = Release|Any CPU
		{6911FE6F-8A60-4B45-AA97-39FAB8C000E5}.Release|Any CPU.Build.0 = Release|Any CPU
		{AB01F87D-A569-4732-A5BD-2F1E3B9DE488}.Debug|Any CPU.ActiveCfg = Debug|Any CPU
		{AB01F87D-A569-4732-A5BD-2F1E3B9DE488}.Debug|Any CPU.Build.0 = Debug|Any CPU
		{AB01F87D-A569-4732-A5BD-2F1E3B9DE488}.Release|Any CPU.ActiveCfg = Release|Any CPU
		{AB01F87D-A569-4732-A5BD-2F1E3B9DE488}.Release|Any CPU.Build.0 = Release|Any CPU
		{00821CEB-E367-4AC8-8E24-E759A5A7BB4B}.Debug|Any CPU.ActiveCfg = Debug|Any CPU
		{00821CEB-E367-4AC8-8E24-E759A5A7BB4B}.Debug|Any CPU.Build.0 = Debug|Any CPU
		{00821CEB-E367-4AC8-8E24-E759A5A7BB4B}.Release|Any CPU.ActiveCfg = Release|Any CPU
		{00821CEB-E367-4AC8-8E24-E759A5A7BB4B}.Release|Any CPU.Build.0 = Release|Any CPU
	EndGlobalSection
	GlobalSection(SolutionProperties) = preSolution
		HideSolutionNode = FALSE
	EndGlobalSection
	GlobalSection(ExtensibilityGlobals) = postSolution
		SolutionGuid = {3EB4C5FA-629C-43F2-AB6D-510D89B1E6B2}
	EndGlobalSection
EndGlobal
