
Microsoft Visual Studio Solution File, Format Version 12.00
# Visual Studio Version 17
VisualStudioVersion = 17.5.002.0
MinimumVisualStudioVersion = 10.0.40219.1
Project("{9A19103F-16F7-4668-BE54-9A1E7A4F7556}") = "MovieCardsAPI", "MovieCardsAPI.csproj", "{EDFD5D1C-1A62-4B4B-8B06-44ED1F0FC6D2}"
EndProject
Global
	GlobalSection(SolutionConfigurationPlatforms) = preSolution
		Debug|Any CPU = Debug|Any CPU
		Release|Any CPU = Release|Any CPU
	EndGlobalSection
	GlobalSection(ProjectConfigurationPlatforms) = postSolution
		{EDFD5D1C-1A62-4B4B-8B06-44ED1F0FC6D2}.Debug|Any CPU.ActiveCfg = Debug|Any CPU
		{EDFD5D1C-1A62-4B4B-8B06-44ED1F0FC6D2}.Debug|Any CPU.Build.0 = Debug|Any CPU
		{EDFD5D1C-1A62-4B4B-8B06-44ED1F0FC6D2}.Release|Any CPU.ActiveCfg = Release|Any CPU
		{EDFD5D1C-1A62-4B4B-8B06-44ED1F0FC6D2}.Release|Any CPU.Build.0 = Release|Any CPU
	EndGlobalSection
	GlobalSection(SolutionProperties) = preSolution
		HideSolutionNode = FALSE
	EndGlobalSection
	GlobalSection(ExtensibilityGlobals) = postSolution
		SolutionGuid = {3EB4C5FA-629C-43F2-AB6D-510D89B1E6B2}
	EndGlobalSection
EndGlobal
