
Microsoft Visual Studio Solution File, Format Version 12.00
# Visual Studio Version 17
VisualStudioVersion = 17.5.002.0
MinimumVisualStudioVersion = 10.0.40219.1
Project("{9A19103F-16F7-4668-BE54-9A1E7A4F7556}") = "API", "API\API.csproj", "{A05B17C8-B0B7-4AC8-859F-A7400AD803D8}"
EndProject
Project("{9A19103F-16F7-4668-BE54-9A1E7A4F7556}") = "Service", "Service\Service.csproj", "{4699D9D3-0620-47FE-8EDB-0834C3253D08}"
EndProject
Project("{9A19103F-16F7-4668-BE54-9A1E7A4F7556}") = "Infrastructure", "Infrastructure\Infrastructure.csproj", "{B87E0500-05CD-418D-B3C3-5AC485D7F557}"
EndProject
Project("{9A19103F-16F7-4668-BE54-9A1E7A4F7556}") = "Domain", "Domain\Domain.csproj", "{9765B158-CA71-42E1-A706-4F0BF44F469B}"
EndProject
Project("{9A19103F-16F7-4668-BE54-9A1E7A4F7556}") = "Presentation", "Presentation\Presentation.csproj", "{6792145E-7C9E-4A77-AB1D-51EAC9077987}"
EndProject
Global
	GlobalSection(SolutionConfigurationPlatforms) = preSolution
		Debug|Any CPU = Debug|Any CPU
		Release|Any CPU = Release|Any CPU
	EndGlobalSection
	GlobalSection(ProjectConfigurationPlatforms) = postSolution
		{A05B17C8-B0B7-4AC8-859F-A7400AD803D8}.Debug|Any CPU.ActiveCfg = Debug|Any CPU
		{A05B17C8-B0B7-4AC8-859F-A7400AD803D8}.Debug|Any CPU.Build.0 = Debug|Any CPU
		{A05B17C8-B0B7-4AC8-859F-A7400AD803D8}.Release|Any CPU.ActiveCfg = Release|Any CPU
		{A05B17C8-B0B7-4AC8-859F-A7400AD803D8}.Release|Any CPU.Build.0 = Release|Any CPU
		{4699D9D3-0620-47FE-8EDB-0834C3253D08}.Debug|Any CPU.ActiveCfg = Debug|Any CPU
		{4699D9D3-0620-47FE-8EDB-0834C3253D08}.Debug|Any CPU.Build.0 = Debug|Any CPU
		{4699D9D3-0620-47FE-8EDB-0834C3253D08}.Release|Any CPU.ActiveCfg = Release|Any CPU
		{4699D9D3-0620-47FE-8EDB-0834C3253D08}.Release|Any CPU.Build.0 = Release|Any CPU
		{B87E0500-05CD-418D-B3C3-5AC485D7F557}.Debug|Any CPU.ActiveCfg = Debug|Any CPU
		{B87E0500-05CD-418D-B3C3-5AC485D7F557}.Debug|Any CPU.Build.0 = Debug|Any CPU
		{B87E0500-05CD-418D-B3C3-5AC485D7F557}.Release|Any CPU.ActiveCfg = Release|Any CPU
		{B87E0500-05CD-418D-B3C3-5AC485D7F557}.Release|Any CPU.Build.0 = Release|Any CPU
		{9765B158-CA71-42E1-A706-4F0BF44F469B}.Debug|Any CPU.ActiveCfg = Debug|Any CPU
		{9765B158-CA71-42E1-A706-4F0BF44F469B}.Debug|Any CPU.Build.0 = Debug|Any CPU
		{9765B158-CA71-42E1-A706-4F0BF44F469B}.Release|Any CPU.ActiveCfg = Release|Any CPU
		{9765B158-CA71-42E1-A706-4F0BF44F469B}.Release|Any CPU.Build.0 = Release|Any CPU
		{6792145E-7C9E-4A77-AB1D-51EAC9077987}.Debug|Any CPU.ActiveCfg = Debug|Any CPU
		{6792145E-7C9E-4A77-AB1D-51EAC9077987}.Debug|Any CPU.Build.0 = Debug|Any CPU
		{6792145E-7C9E-4A77-AB1D-51EAC9077987}.Release|Any CPU.ActiveCfg = Release|Any CPU
		{6792145E-7C9E-4A77-AB1D-51EAC9077987}.Release|Any CPU.Build.0 = Release|Any CPU
	EndGlobalSection
	GlobalSection(SolutionProperties) = preSolution
		HideSolutionNode = FALSE
	EndGlobalSection
	GlobalSection(ExtensibilityGlobals) = postSolution
		SolutionGuid = {3EB4C5FA-629C-43F2-AB6D-510D89B1E6B2}
	EndGlobalSection
EndGlobal
